PODS:
  - AFNetworking (3.1.0):
    - AFNetworking/NSURLSession (= 3.1.0)
    - AFNetworking/Reachability (= 3.1.0)
    - AFNetworking/Security (= 3.1.0)
    - AFNetworking/Serialization (= 3.1.0)
    - AFNetworking/UIKit (= 3.1.0)
  - AFNetworking/NSURLSession (3.1.0):
    - AFNetworking/Reachability
    - AFNetworking/Security
    - AFNetworking/Serialization
  - AFNetworking/Reachability (3.1.0)
  - AFNetworking/Security (3.1.0)
  - AFNetworking/Serialization (3.1.0)
  - AFNetworking/UIKit (3.1.0):
    - AFNetworking/NSURLSession
  - BarrageRenderer (1.9.1)
  - DZNEmptyDataSet (1.8.1)
  - LFLiveKit (2.6)
  - Masonry (1.0.2)
  - MJExtension (3.0.13)
  - MJRefresh (3.1.12)
  - ReactiveCocoa (2.5):
    - ReactiveCocoa/UI (= 2.5)
  - ReactiveCocoa/Core (2.5):
    - ReactiveCocoa/no-arc
  - ReactiveCocoa/no-arc (2.5)
  - ReactiveCocoa/UI (2.5):
    - ReactiveCocoa/Core
  - SDWebImage (3.8.2):
    - SDWebImage/Core (= 3.8.2)
  - SDWebImage/Core (3.8.2)

DEPENDENCIES:
  - AFNetworking (~> 3.1.0)
  - BarrageRenderer
  - DZNEmptyDataSet
  - LFLiveKit
  - Masonry (~> 1.0.2)
  - MJExtension (~> 3.0.13)
  - MJRefresh (~> 3.1.12)
  - ReactiveCocoa (~> 2.5)
  - SDWebImage (~> 3.8.1)

SPEC CHECKSUMS:
  AFNetworking: 5e0e199f73d8626b11e79750991f5d173d1f8b67
  BarrageRenderer: 55bbe4557d48adbdca6c1ebdfef96946fdb5e5b2
  DZNEmptyDataSet: 9525833b9e68ac21c30253e1d3d7076cc828eaa7
  LFLiveKit: 2219563721f8aa0f188effc3395a06e2d53b23f2
  Masonry: 7c429b56da9d4ee0bbb3ed77a5ea710d6a5df39e
  MJExtension: 5932755f451458eefa24239358817f8d291240c7
  MJRefresh: b96cdb21c4aa75a7b07654311ab2f315c497e806
  ReactiveCocoa: e2db045570aa97c695e7aa97c2bcab222ae51f4a
  SDWebImage: '098e97e6176540799c27e804c96653ee0833d13c'

PODFILE CHECKSUM: 342dcce5f71eefe7760769195d7e607786e41149

COCOAPODS: 1.2.1
